<Solution>
  <Folder Name="/src/">
    <Project Path="src/DemaConsulting.DocDown.Core/DemaConsulting.DocDown.Core.csproj" />
    <Project Path="src/DemaConsulting.DocDown.Pdf/DemaConsulting.DocDown.Pdf.csproj" />
    <Project Path="src/DemaConsulting.DocDown.Office/DemaConsulting.DocDown.Office.csproj" />
    <Project Path="src/DemaConsulting.DocDown.Pdf.Rendering/DemaConsulting.DocDown.Pdf.Rendering.csproj" />
    <Project Path="src/DemaConsulting.DocDown.Tool/DemaConsulting.DocDown.Tool.csproj" />
  </Folder>
  <Folder Name="/test/">
    <Project Path="test/DemaConsulting.DocDown.Core.Tests/DemaConsulting.DocDown.Core.Tests.csproj" />
    <Project Path="test/DemaConsulting.DocDown.Office.Tests/DemaConsulting.DocDown.Office.Tests.csproj" />
    <Project Path="test/DemaConsulting.DocDown.Pdf.Rendering.Tests/DemaConsulting.DocDown.Pdf.Rendering.Tests.csproj" />
    <Project Path="test/DemaConsulting.DocDown.Pdf.Tests/DemaConsulting.DocDown.Pdf.Tests.csproj" />
    <Project Path="test/DemaConsulting.DocDown.Tool.Tests/DemaConsulting.DocDown.Tool.Tests.csproj" />
    <Project Path="test/DemaConsulting.DocDown.TestSupport/DemaConsulting.DocDown.TestSupport.csproj" />
  </Folder>
</Solution>
